// !$*UTF8*$!
{
	archiveVersion = 1;
	classes = {
	};
	objectVersion = 50;
	objects = {

/* Begin PBXBuildFile section */
		4CCBE0F6255ABB4D00C95225 /* AppDelegate.swift in Sources */ = {isa = PBXBuildFile; fileRef = 4CCBE0F5255ABB4D00C95225 /* AppDelegate.swift */; };
		4CCBE0F8255ABB4D00C95225 /* SceneDelegate.swift in Sources */ = {isa = PBXBuildFile; fileRef = 4CCBE0F7255ABB4D00C95225 /* SceneDelegate.swift */; };
		4CCBE0FA255ABB4D00C95225 /* ContentView.swift in Sources */ = {isa = PBXBuildFile; fileRef = 4CCBE0F9255ABB4D00C95225 /* ContentView.swift */; };
		4CCBE0FC255ABB4E00C95225 /* Assets.xcassets in Resources */ = {isa = PBXBuildFile; fileRef = 4CCBE0FB255ABB4E00C95225 /* Assets.xcassets */; };
		4CCBE0FF255ABB4E00C95225 /* Preview Assets.xcassets in Resources */ = {isa = PBXBuildFile; fileRef = 4CCBE0FE255ABB4E00C95225 /* Preview Assets.xcassets */; };
		4CCBE102255ABB4E00C95225 /* LaunchScreen.storyboard in Resources */ = {isa = PBXBuildFile; fileRef = 4CCBE100255ABB4E00C95225 /* LaunchScreen.storyboard */; };
		4CCBE10B255ABB8A00C95225 /* ButtonOpt.swift in Sources */ = {isa = PBXBuildFile; fileRef = 4CCBE10A255ABB8A00C95225 /* ButtonOpt.swift */; };
		4CCBE10F255ABF3500C95225 /* WindowSize.swift in Sources */ = {isa = PBXBuildFile; fileRef = 4CCBE10E255ABF3500C95225 /* WindowSize.swift */; };
/* End PBXBuildFile section */

/* Begin PBXFileReference section */
		4CCBE0F2255ABB4D00C95225 /* Candbox-example-a.app */ = {isa = PBXFileReference; explicitFileType = wrapper.application; includeInIndex = 0; path = "Candbox-example-a.app"; sourceTree = BUILT_PRODUCTS_DIR; };
		4CCBE0F5255ABB4D00C95225 /* AppDelegate.swift */ = {isa = PBXFileReference; lastKnownFileType = sourcecode.swift; path = AppDelegate.swift; sourceTree = "<group>"; };
		4CCBE0F7255ABB4D00C95225 /* SceneDelegate.swift */ = {isa = PBXFileReference; lastKnownFileType = sourcecode.swift; path = SceneDelegate.swift; sourceTree = "<group>"; };
		4CCBE0F9255ABB4D00C95225 /* ContentView.swift */ = {isa = PBXFileReference; lastKnownFileType = sourcecode.swift; path = ContentView.swift; sourceTree = "<group>"; };
		4CCBE0FB255ABB4E00C95225 /* Assets.xcassets */ = {isa = PBXFileReference; lastKnownFileType = folder.assetcatalog; path = Assets.xcassets; sourceTree = "<group>"; };
		4CCBE0FE255ABB4E00C95225 /* Preview Assets.xcassets */ = {isa = PBXFileReference; lastKnownFileType = folder.assetcatalog; path = "Preview Assets.xcassets"; sourceTree = "<group>"; };
		4CCBE101255ABB4E00C95225 /* Base */ = {isa = PBXFileReference; lastKnownFileType = file.storyboard; name = Base; path = Base.lproj/LaunchScreen.storyboard; sourceTree = "<group>"; };
		4CCBE103255ABB4E00C95225 /* Info.plist */ = {isa = PBXFileReference; lastKnownFileType = text.plist.xml; path = Info.plist; sourceTree = "<group>"; };
		4CCBE10A255ABB8A00C95225 /* ButtonOpt.swift */ = {isa = PBXFileReference; lastKnownFileType = sourcecode.swift; path = ButtonOpt.swift; sourceTree = "<group>"; };
		4CCBE10E255ABF3500C95225 /* WindowSize.swift */ = {isa = PBXFileReference; lastKnownFileType = sourcecode.swift; path = WindowSize.swift; sourceTree = "<group>"; };
/* End PBXFileReference section */

/* Begin PBXFrameworksBuildPhase section */
		4CCBE0EF255ABB4D00C95225 /* Frameworks */ = {
			isa = PBXFrameworksBuildPhase;
			buildActionMask = 2147483647;
			files = (
			);
			runOnlyForDeploymentPostprocessing = 0;
		};
/* End PBXFrameworksBuildPhase section */

/* Begin PBXGroup section */
		4CCBE0E9255ABB4D00C95225 = {
			isa = PBXGroup;
			children = (
				4CCBE0F4255ABB4D00C95225 /* Candbox-example-a */,
				4CCBE0F3255ABB4D00C95225 /* Products */,
			);
			sourceTree = "<group>";
		};
		4CCBE0F3255ABB4D00C95225 /* Products */ = {
			isa = PBXGroup;
			children = (
				4CCBE0F2255ABB4D00C95225 /* Candbox-example-a.app */,
			);
			name = Products;
			sourceTree = "<group>";
		};
		4CCBE0F4255ABB4D00C95225 /* Candbox-example-a */ = {
			isa = PBXGroup;
			children = (
				4CCBE0F5255ABB4D00C95225 /* AppDelegate.swift */,
				4CCBE0F7255ABB4D00C95225 /* SceneDelegate.swift */,
				4CCBE0F9255ABB4D00C95225 /* ContentView.swift */,
				4CCBE10A255ABB8A00C95225 /* ButtonOpt.swift */,
				4CCBE10E255ABF3500C95225 /* WindowSize.swift */,
				4CCBE0FB255ABB4E00C95225 /* Assets.xcassets */,
				4CCBE100255ABB4E00C95225 /* LaunchScreen.storyboard */,
				4CCBE103255ABB4E00C95225 /* Info.plist */,
				4CCBE0FD255ABB4E00C95225 /* Preview Content */,
			);
			path = "Candbox-example-a";
			sourceTree = "<group>";
		};
		4CCBE0FD255ABB4E00C95225 /* Preview Content */ = {
			isa = PBXGroup;
			children = (
				4CCBE0FE255ABB4E00C95225 /* Preview Assets.xcassets */,
			);
			path = "Preview Content";
			sourceTree = "<group>";
		};
/* End PBXGroup section */

/* Begin PBXNativeTarget section */
		4CCBE0F1255ABB4D00C95225 /* Candbox-example-a */ = {
			isa = PBXNativeTarget;
			buildConfigurationList = 4CCBE106255ABB4E00C95225 /* Build configuration list for PBXNativeTarget "Candbox-example-a" */;
			buildPhases = (
				4CCBE0EE255ABB4D00C95225 /* Sources */,
				4CCBE0EF255ABB4D00C95225 /* Frameworks */,
				4CCBE0F0255ABB4D00C95225 /* Resources */,
			);
			buildRules = (
			);
			dependencies = (
			);
			name = "Candbox-example-a";
			productName = "Candbox-example-a";
			productReference = 4CCBE0F2255ABB4D00C95225 /* Candbox-example-a.app */;
			productType = "com.apple.product-type.application";
		};
/* End PBXNativeTarget section */

/* Begin PBXProject section */
		4CCBE0EA255ABB4D00C95225 /* Project object */ = {
			isa = PBXProject;
			attributes = {
				LastSwiftUpdateCheck = 1210;
				LastUpgradeCheck = 1210;
				TargetAttributes = {
					4CCBE0F1255ABB4D00C95225 = {
						CreatedOnToolsVersion = 12.1;
					};
				};
			};
			buildConfigurationList = 4CCBE0ED255ABB4D00C95225 /* Build configuration list for PBXProject "Candbox-example-a" */;
			compatibilityVersion = "Xcode 9.3";
			developmentRegion = en;
			hasScannedForEncodings = 0;
			knownRegions = (
				en,
				Base,
			);
			mainGroup = 4CCBE0E9255ABB4D00C95225;
			productRefGroup = 4CCBE0F3255ABB4D00C95225 /* Products */;
			projectDirPath = "";
			projectRoot = "";
			targets = (
				4CCBE0F1255ABB4D00C95225 /* Candbox-example-a */,
			);
		};
/* End PBXProject section */

/* Begin PBXResourcesBuildPhase section */
		4CCBE0F0255ABB4D00C95225 /* Resources */ = {
			isa = PBXResourcesBuildPhase;
			buildActionMask = 2147483647;
			files = (
				4CCBE102255ABB4E00C95225 /* LaunchScreen.storyboard in Resources */,
				4CCBE0FF255ABB4E00C95225 /* Preview Assets.xcassets in Resources */,
				4CCBE0FC255ABB4E00C95225 /* Assets.xcassets in Resources */,
			);
			runOnlyForDeploymentPostprocessing = 0;
		};
/* End PBXResourcesBuildPhase section */

/* Begin PBXSourcesBuildPhase section */
		4CCBE0EE255ABB4D00C95225 /* Sources */ = {
			isa = PBXSourcesBuildPhase;
			buildActionMask = 2147483647;
			files = (
				4CCBE0F6255ABB4D00C95225 /* AppDelegate.swift in Sources */,
				4CCBE10B255ABB8A00C95225 /* ButtonOpt.swift in Sources */,
				4CCBE10F255ABF3500C95225 /* WindowSize.swift in Sources */,
				4CCBE0F8255ABB4D00C95225 /* SceneDelegate.swift in Sources */,
				4CCBE0FA255ABB4D00C95225 /* ContentView.swift in Sources */,
			);
			runOnlyForDeploymentPostprocessing = 0;
		};
/* End PBXSourcesBuildPhase section */

/* Begin PBXVariantGroup section */
		4CCBE100255ABB4E00C95225 /* LaunchScreen.storyboard */ = {
			isa = PBXVariantGroup;
			children = (
				4CCBE101255ABB4E00C95225 /* Base */,
			);
			name = LaunchScreen.storyboard;
			sourceTree = "<group>";
		};
/* End PBXVariantGroup section */

/* Begin XCBuildConfiguration section */
		4CCBE104255ABB4E00C95225 /* Debug */ = {
			isa = XCBuildConfiguration;
			buildSettings = {
				ALWAYS_SEARCH_USER_PATHS = NO;
				CLANG_ANALYZER_NONNULL = YES;
				CLANG_ANALYZER_NUMBER_OBJECT_CONVERSION = YES_AGGRESSIVE;
				CLANG_CXX_LANGUAGE_STANDARD = "gnu++14";
				CLANG_CXX_LIBRARY = "libc++";
				CLANG_ENABLE_MODULES = YES;
				CLANG_ENABLE_OBJC_ARC = YES;
				CLANG_ENABLE_OBJC_WEAK = YES;
				CLANG_WARN_BLOCK_CAPTURE_AUTORELEASING = YES;
				CLANG_WARN_BOOL_CONVERSION = YES;
				CLANG_WARN_COMMA = YES;
				CLANG_WARN_CONSTANT_CONVERSION = YES;
				CLANG_WARN_DEPRECATED_OBJC_IMPLEMENTATIONS = YES;
				CLANG_WARN_DIRECT_OBJC_ISA_USAGE = YES_ERROR;
				CLANG_WARN_DOCUMENTATION_COMMENTS = YES;
				CLANG_WARN_EMPTY_BODY = YES;
				CLANG_WARN_ENUM_CONVERSION = YES;
				CLANG_WARN_INFINITE_RECURSION = YES;
				CLANG_WARN_INT_CONVERSION = YES;
				CLANG_WARN_NON_LITERAL_NULL_CONVERSION = YES;
				CLANG_WARN_OBJC_IMPLICIT_RETAIN_SELF = YES;
				CLANG_WARN_OBJC_LITERAL_CONVERSION = YES;
				CLANG_WARN_OBJC_ROOT_CLASS = YES_ERROR;
				CLANG_WARN_QUOTED_INCLUDE_IN_FRAMEWORK_HEADER = YES;
				CLANG_WARN_RANGE_LOOP_ANALYSIS = YES;
				CLANG_WARN_STRICT_PROTOTYPES = YES;
				CLANG_WARN_SUSPICIOUS_MOVE = YES;
				CLANG_WARN_UNGUARDED_AVAILABILITY = YES_AGGRESSIVE;
				CLANG_WARN_UNREACHABLE_CODE = YES;
				CLANG_WARN__DUPLICATE_METHOD_MATCH = YES;
				COPY_PHASE_STRIP = NO;
				DEBUG_INFORMATION_FORMAT = dwarf;
				ENABLE_STRICT_OBJC_MSGSEND = YES;
				ENABLE_TESTABILITY = YES;
				GCC_C_LANGUAGE_STANDARD = gnu11;
				GCC_DYNAMIC_NO_PIC = NO;
				GCC_NO_COMMON_BLOCKS = YES;
				GCC_OPTIMIZATION_LEVEL = 0;
				GCC_PREPROCESSOR_DEFINITIONS = (
					"DEBUG=1",
					"$(inherited)",
				);
				GCC_WARN_64_TO_32_BIT_CONVERSION = YES;
				GCC_WARN_ABOUT_RETURN_TYPE = YES_ERROR;
				GCC_WARN_UNDECLARED_SELECTOR = YES;
				GCC_WARN_UNINITIALIZED_AUTOS = YES_AGGRESSIVE;
				GCC_WARN_UNUSED_FUNCTION = YES;
				GCC_WARN_UNUSED_VARIABLE = YES;
				IPHONEOS_DEPLOYMENT_TARGET = 14.1;
				MTL_ENABLE_DEBUG_INFO = INCLUDE_SOURCE;
				MTL_FAST_MATH = YES;
				ONLY_ACTIVE_ARCH = YES;
				SDKROOT = iphoneos;
				SWIFT_ACTIVE_COMPILATION_CONDITIONS = DEBUG;
				SWIFT_OPTIMIZATION_LEVEL = "-Onone";
			};
			name = Debug;
		};
		4CCBE105255ABB4E00C95225 /* Release */ = {
			isa = XCBuildConfiguration;
			buildSettings = {
				ALWAYS_SEARCH_USER_PATHS = NO;
				CLANG_ANALYZER_NONNULL = YES;
				CLANG_ANALYZER_NUMBER_OBJECT_CONVERSION = YES_AGGRESSIVE;
				CLANG_CXX_LANGUAGE_STANDARD = "gnu++14";
				CLANG_CXX_LIBRARY = "libc++";
				CLANG_ENABLE_MODULES = YES;
				CLANG_ENABLE_OBJC_ARC = YES;
				CLANG_ENABLE_OBJC_WEAK = YES;
				CLANG_WARN_BLOCK_CAPTURE_AUTORELEASING = YES;
				CLANG_WARN_BOOL_CONVERSION = YES;
				CLANG_WARN_COMMA = YES;
				CLANG_WARN_CONSTANT_CONVERSION = YES;
				CLANG_WARN_DEPRECATED_OBJC_IMPLEMENTATIONS = YES;
				CLANG_WARN_DIRECT_OBJC_ISA_USAGE = YES_ERROR;
				CLANG_WARN_DOCUMENTATION_COMMENTS = YES;
				CLANG_WARN_EMPTY_BODY = YES;
				CLANG_WARN_ENUM_CONVERSION = YES;
				CLANG_WARN_INFINITE_RECURSION = YES;
				CLANG_WARN_INT_CONVERSION = YES;
				CLANG_WARN_NON_LITERAL_NULL_CONVERSION = YES;
				CLANG_WARN_OBJC_IMPLICIT_RETAIN_SELF = YES;
				CLANG_WARN_OBJC_LITERAL_CONVERSION = YES;
				CLANG_WARN_OBJC_ROOT_CLASS = YES_ERROR;
				CLANG_WARN_QUOTED_INCLUDE_IN_FRAMEWORK_HEADER = YES;
				CLANG_WARN_RANGE_LOOP_ANALYSIS = YES;
				CLANG_WARN_STRICT_PROTOTYPES = YES;
				CLANG_WARN_SUSPICIOUS_MOVE = YES;
				CLANG_WARN_UNGUARDED_AVAILABILITY = YES_AGGRESSIVE;
				CLANG_WARN_UNREACHABLE_CODE = YES;
				CLANG_WARN__DUPLICATE_METHOD_MATCH = YES;
				COPY_PHASE_STRIP = NO;
				DEBUG_INFORMATION_FORMAT = "dwarf-with-dsym";
				ENABLE_NS_ASSERTIONS = NO;
				ENABLE_STRICT_OBJC_MSGSEND = YES;
				GCC_C_LANGUAGE_STANDARD = gnu11;
				GCC_NO_COMMON_BLOCKS = YES;
				GCC_WARN_64_TO_32_BIT_CONVERSION = YES;
				GCC_WARN_ABOUT_RETURN_TYPE = YES_ERROR;
				GCC_WARN_UNDECLARED_SELECTOR = YES;
				GCC_WARN_UNINITIALIZED_AUTOS = YES_AGGRESSIVE;
				GCC_WARN_UNUSED_FUNCTION = YES;
				GCC_WARN_UNUSED_VARIABLE = YES;
				IPHONEOS_DEPLOYMENT_TARGET = 14.1;
				MTL_ENABLE_DEBUG_INFO = NO;
				MTL_FAST_MATH = YES;
				SDKROOT = iphoneos;
				SWIFT_COMPILATION_MODE = wholemodule;
				SWIFT_OPTIMIZATION_LEVEL = "-O";
				VALIDATE_PRODUCT = YES;
			};
			name = Release;
		};
		4CCBE107255ABB4E00C95225 /* Debug */ = {
			isa = XCBuildConfiguration;
			buildSettings = {
				ASSETCATALOG_COMPILER_APPICON_NAME = AppIcon;
				ASSETCATALOG_COMPILER_GLOBAL_ACCENT_COLOR_NAME = AccentColor;
				CODE_SIGN_STYLE = Automatic;
				DEVELOPMENT_ASSET_PATHS = "\"Candbox-example-a/Preview Content\"";
				DEVELOPMENT_TEAM = V46TJ5YV63;
				ENABLE_PREVIEWS = YES;
				INFOPLIST_FILE = "Candbox-example-a/Info.plist";
				LD_RUNPATH_SEARCH_PATHS = (
					"$(inherited)",
					"@executable_path/Frameworks",
				);
				PRODUCT_BUNDLE_IDENTIFIER = "acumen.Candbox-example-a";
				PRODUCT_NAME = "$(TARGET_NAME)";
				SWIFT_VERSION = 5.0;
				TARGETED_DEVICE_FAMILY = "1,2";
			};
			name = Debug;
		};
		4CCBE108255ABB4E00C95225 /* Release */ = {
			isa = XCBuildConfiguration;
			buildSettings = {
				ASSETCATALOG_COMPILER_APPICON_NAME = AppIcon;
				ASSETCATALOG_COMPILER_GLOBAL_ACCENT_COLOR_NAME = AccentColor;
				CODE_SIGN_STYLE = Automatic;
				DEVELOPMENT_ASSET_PATHS = "\"Candbox-example-a/Preview Content\"";
				DEVELOPMENT_TEAM = V46TJ5YV63;
				ENABLE_PREVIEWS = YES;
				INFOPLIST_FILE = "Candbox-example-a/Info.plist";
				LD_RUNPATH_SEARCH_PATHS = (
					"$(inherited)",
					"@executable_path/Frameworks",
				);
				PRODUCT_BUNDLE_IDENTIFIER = "acumen.Candbox-example-a";
				PRODUCT_NAME = "$(TARGET_NAME)";
				SWIFT_VERSION = 5.0;
				TARGETED_DEVICE_FAMILY = "1,2";
			};
			name = Release;
		};
/* End XCBuildConfiguration section */

/* Begin XCConfigurationList section */
		4CCBE0ED255ABB4D00C95225 /* Build configuration list for PBXProject "Candbox-example-a" */ = {
			isa = XCConfigurationList;
			buildConfigurations = (
				4CCBE104255ABB4E00C95225 /* Debug */,
				4CCBE105255ABB4E00C95225 /* Release */,
			);
			defaultConfigurationIsVisible = 0;
			defaultConfigurationName = Release;
		};
		4CCBE106255ABB4E00C95225 /* Build configuration list for PBXNativeTarget "Candbox-example-a" */ = {
			isa = XCConfigurationList;
			buildConfigurations = (
				4CCBE107255ABB4E00C95225 /* Debug */,
				4CCBE108255ABB4E00C95225 /* Release */,
			);
			defaultConfigurationIsVisible = 0;
			defaultConfigurationName = Release;
		};
/* End XCConfigurationList section */
	};
	rootObject = 4CCBE0EA255ABB4D00C95225 /* Project object */;
}
